// !$*UTF8*$!
{
	archiveVersion = 1;
	classes = {
	};
	objectVersion = 50;
	objects = {

/* Begin PBXBuildFile section */
		417798F12127BCE300E14986 /* bitsync.xcdatamodeld in Sources */ = {isa = PBXBuildFile; fileRef = 417798EF2127BCE300E14986 /* bitsync.xcdatamodeld */; };
		417798F32127BCE400E14986 /* Assets.xcassets in Resources */ = {isa = PBXBuildFile; fileRef = 417798F22127BCE400E14986 /* Assets.xcassets */; };
		417798F62127BCE400E14986 /* LaunchScreen.storyboard in Resources */ = {isa = PBXBuildFile; fileRef = 417798F42127BCE400E14986 /* LaunchScreen.storyboard */; };
		417799012127BCE400E14986 /* bitsyncTests.swift in Sources */ = {isa = PBXBuildFile; fileRef = 417799002127BCE400E14986 /* bitsyncTests.swift */; };
		4177990C2127BCE400E14986 /* bitsyncUITests.swift in Sources */ = {isa = PBXBuildFile; fileRef = 4177990B2127BCE400E14986 /* bitsyncUITests.swift */; };
		4177992D2127C2A100E14986 /* AppDelegate.swift in Sources */ = {isa = PBXBuildFile; fileRef = 417799272127C2A100E14986 /* AppDelegate.swift */; };
		4177992E2127C2A100E14986 /* Info.plist in Resources */ = {isa = PBXBuildFile; fileRef = 417799282127C2A100E14986 /* Info.plist */; };
		62BCCEE679EBE0D099D21997 /* Pods_bitsyncUITests.framework in Frameworks */ = {isa = PBXBuildFile; fileRef = F9AEDB9E53EE9BB887BE40C5 /* Pods_bitsyncUITests.framework */; };
		77E120887CBD3D596A82D3EB /* Pods_bitsync.framework in Frameworks */ = {isa = PBXBuildFile; fileRef = 212364D0F1352B374DD44A0D /* Pods_bitsync.framework */; };
		A821E2C88027B8533387D385 /* Pods_bitsyncTests.framework in Frameworks */ = {isa = PBXBuildFile; fileRef = 9200CC781CB0A2A26CDEC5D9 /* Pods_bitsyncTests.framework */; };
/* End PBXBuildFile section */

/* Begin PBXContainerItemProxy section */
		417798FD2127BCE400E14986 /* PBXContainerItemProxy */ = {
			isa = PBXContainerItemProxy;
			containerPortal = 417798DD2127BCE300E14986 /* Project object */;
			proxyType = 1;
			remoteGlobalIDString = 417798E42127BCE300E14986;
			remoteInfo = bitsync;
		};
		417799082127BCE400E14986 /* PBXContainerItemProxy */ = {
			isa = PBXContainerItemProxy;
			containerPortal = 417798DD2127BCE300E14986 /* Project object */;
			proxyType = 1;
			remoteGlobalIDString = 417798E42127BCE300E14986;
			remoteInfo = bitsync;
		};
/* End PBXContainerItemProxy section */

/* Begin PBXFileReference section */
		212364D0F1352B374DD44A0D /* Pods_bitsync.framework */ = {isa = PBXFileReference; explicitFileType = wrapper.framework; includeInIndex = 0; path = Pods_bitsync.framework; sourceTree = BUILT_PRODUCTS_DIR; };
		387BB14B1FAE5C530E166945 /* Pods-bitsyncUITests.debug.xcconfig */ = {isa = PBXFileReference; includeInIndex = 1; lastKnownFileType = text.xcconfig; name = "Pods-bitsyncUITests.debug.xcconfig"; path = "Pods/Target Support Files/Pods-bitsyncUITests/Pods-bitsyncUITests.debug.xcconfig"; sourceTree = "<group>"; };
		417798E52127BCE300E14986 /* bitsync.app */ = {isa = PBXFileReference; explicitFileType = wrapper.application; includeInIndex = 0; path = bitsync.app; sourceTree = BUILT_PRODUCTS_DIR; };
		417798F02127BCE300E14986 /* bitsync.xcdatamodel */ = {isa = PBXFileReference; lastKnownFileType = wrapper.xcdatamodel; path = bitsync.xcdatamodel; sourceTree = "<group>"; };
		417798F22127BCE400E14986 /* Assets.xcassets */ = {isa = PBXFileReference; lastKnownFileType = folder.assetcatalog; path = Assets.xcassets; sourceTree = "<group>"; };
		417798F52127BCE400E14986 /* Base */ = {isa = PBXFileReference; lastKnownFileType = file.storyboard; name = Base; path = Base.lproj/LaunchScreen.storyboard; sourceTree = "<group>"; };
		417798FC2127BCE400E14986 /* bitsyncTests.xctest */ = {isa = PBXFileReference; explicitFileType = wrapper.cfbundle; includeInIndex = 0; path = bitsyncTests.xctest; sourceTree = BUILT_PRODUCTS_DIR; };
		417799002127BCE400E14986 /* bitsyncTests.swift */ = {isa = PBXFileReference; lastKnownFileType = sourcecode.swift; path = bitsyncTests.swift; sourceTree = "<group>"; };
		417799022127BCE400E14986 /* Info.plist */ = {isa = PBXFileReference; lastKnownFileType = text.plist.xml; path = Info.plist; sourceTree = "<group>"; };
		417799072127BCE400E14986 /* bitsyncUITests.xctest */ = {isa = PBXFileReference; explicitFileType = wrapper.cfbundle; includeInIndex = 0; path = bitsyncUITests.xctest; sourceTree = BUILT_PRODUCTS_DIR; };
		4177990B2127BCE400E14986 /* bitsyncUITests.swift */ = {isa = PBXFileReference; lastKnownFileType = sourcecode.swift; path = bitsyncUITests.swift; sourceTree = "<group>"; };
		4177990D2127BCE400E14986 /* Info.plist */ = {isa = PBXFileReference; lastKnownFileType = text.plist.xml; path = Info.plist; sourceTree = "<group>"; };
		417799272127C2A100E14986 /* AppDelegate.swift */ = {isa = PBXFileReference; fileEncoding = 4; lastKnownFileType = sourcecode.swift; path = AppDelegate.swift; sourceTree = "<group>"; };
		417799282127C2A100E14986 /* Info.plist */ = {isa = PBXFileReference; fileEncoding = 4; lastKnownFileType = text.plist.xml; path = Info.plist; sourceTree = "<group>"; };
		4B34F269E93B21E15087F8E5 /* Pods-bitsync.debug.xcconfig */ = {isa = PBXFileReference; includeInIndex = 1; lastKnownFileType = text.xcconfig; name = "Pods-bitsync.debug.xcconfig"; path = "Pods/Target Support Files/Pods-bitsync/Pods-bitsync.debug.xcconfig"; sourceTree = "<group>"; };
		8C5E0B2B628F4C23F5C93DFA /* Pods-bitsyncTests.debug.xcconfig */ = {isa = PBXFileReference; includeInIndex = 1; lastKnownFileType = text.xcconfig; name = "Pods-bitsyncTests.debug.xcconfig"; path = "Pods/Target Support Files/Pods-bitsyncTests/Pods-bitsyncTests.debug.xcconfig"; sourceTree = "<group>"; };
		9200CC781CB0A2A26CDEC5D9 /* Pods_bitsyncTests.framework */ = {isa = PBXFileReference; explicitFileType = wrapper.framework; includeInIndex = 0; path = Pods_bitsyncTests.framework; sourceTree = BUILT_PRODUCTS_DIR; };
		9E7FC2D63A9D6A8C5A71B798 /* Pods-bitsync.release.xcconfig */ = {isa = PBXFileReference; includeInIndex = 1; lastKnownFileType = text.xcconfig; name = "Pods-bitsync.release.xcconfig"; path = "Pods/Target Support Files/Pods-bitsync/Pods-bitsync.release.xcconfig"; sourceTree = "<group>"; };
		A7F01014AAAF2529BCF75EB0 /* Pods-bitsyncUITests.release.xcconfig */ = {isa = PBXFileReference; includeInIndex = 1; lastKnownFileType = text.xcconfig; name = "Pods-bitsyncUITests.release.xcconfig"; path = "Pods/Target Support Files/Pods-bitsyncUITests/Pods-bitsyncUITests.release.xcconfig"; sourceTree = "<group>"; };
		F9A66FCD6345331171A631C4 /* Pods-bitsyncTests.release.xcconfig */ = {isa = PBXFileReference; includeInIndex = 1; lastKnownFileType = text.xcconfig; name = "Pods-bitsyncTests.release.xcconfig"; path = "Pods/Target Support Files/Pods-bitsyncTests/Pods-bitsyncTests.release.xcconfig"; sourceTree = "<group>"; };
		F9AEDB9E53EE9BB887BE40C5 /* Pods_bitsyncUITests.framework */ = {isa = PBXFileReference; explicitFileType = wrapper.framework; includeInIndex = 0; path = Pods_bitsyncUITests.framework; sourceTree = BUILT_PRODUCTS_DIR; };
/* End PBXFileReference section */

/* Begin PBXFrameworksBuildPhase section */
		417798E22127BCE300E14986 /* Frameworks */ = {
			isa = PBXFrameworksBuildPhase;
			buildActionMask = 2147483647;
			files = (
				77E120887CBD3D596A82D3EB /* Pods_bitsync.framework in Frameworks */,
			);
			runOnlyForDeploymentPostprocessing = 0;
		};
		417798F92127BCE400E14986 /* Frameworks */ = {
			isa = PBXFrameworksBuildPhase;
			buildActionMask = 2147483647;
			files = (
				A821E2C88027B8533387D385 /* Pods_bitsyncTests.framework in Frameworks */,
			);
			runOnlyForDeploymentPostprocessing = 0;
		};
		417799042127BCE400E14986 /* Frameworks */ = {
			isa = PBXFrameworksBuildPhase;
			buildActionMask = 2147483647;
			files = (
				62BCCEE679EBE0D099D21997 /* Pods_bitsyncUITests.framework in Frameworks */,
			);
			runOnlyForDeploymentPostprocessing = 0;
		};
/* End PBXFrameworksBuildPhase section */

/* Begin PBXGroup section */
		417798DC2127BCE200E14986 = {
			isa = PBXGroup;
			children = (
				417798E72127BCE300E14986 /* bitsync */,
				417798FF2127BCE400E14986 /* bitsyncTests */,
				4177990A2127BCE400E14986 /* bitsyncUITests */,
				417798E62127BCE300E14986 /* Products */,
				EA8164CCBD55FB6B58F66855 /* Pods */,
				649635F2F25BB7124A798CE6 /* Frameworks */,
			);
			sourceTree = "<group>";
		};
		417798E62127BCE300E14986 /* Products */ = {
			isa = PBXGroup;
			children = (
				417798E52127BCE300E14986 /* bitsync.app */,
				417798FC2127BCE400E14986 /* bitsyncTests.xctest */,
				417799072127BCE400E14986 /* bitsyncUITests.xctest */,
			);
			name = Products;
			sourceTree = "<group>";
		};
		417798E72127BCE300E14986 /* bitsync */ = {
			isa = PBXGroup;
			children = (
				417799192127C2A100E14986 /* App */,
				417798F22127BCE400E14986 /* Assets.xcassets */,
				417798F42127BCE400E14986 /* LaunchScreen.storyboard */,
				417798EF2127BCE300E14986 /* bitsync.xcdatamodeld */,
			);
			path = bitsync;
			sourceTree = "<group>";
		};
		417798FF2127BCE400E14986 /* bitsyncTests */ = {
			isa = PBXGroup;
			children = (
				417799002127BCE400E14986 /* bitsyncTests.swift */,
				417799022127BCE400E14986 /* Info.plist */,
			);
			path = bitsyncTests;
			sourceTree = "<group>";
		};
		4177990A2127BCE400E14986 /* bitsyncUITests */ = {
			isa = PBXGroup;
			children = (
				4177990B2127BCE400E14986 /* bitsyncUITests.swift */,
				4177990D2127BCE400E14986 /* Info.plist */,
			);
			path = bitsyncUITests;
			sourceTree = "<group>";
		};
		417799192127C2A100E14986 /* App */ = {
			isa = PBXGroup;
			children = (
				4177991A2127C2A100E14986 /* Home */,
				4177991E2127C2A100E14986 /* Main */,
				417799222127C2A100E14986 /* Mine */,
				417799262127C2A100E14986 /* Others */,
				417799292127C2A100E14986 /* Star */,
			);
			path = App;
			sourceTree = "<group>";
		};
		4177991A2127C2A100E14986 /* Home */ = {
			isa = PBXGroup;
			children = (
				4177991B2127C2A100E14986 /* Controller */,
				4177991C2127C2A100E14986 /* Model */,
				4177991D2127C2A100E14986 /* View */,
			);
			path = Home;
			sourceTree = "<group>";
		};
		4177991B2127C2A100E14986 /* Controller */ = {
			isa = PBXGroup;
			children = (
			);
			path = Controller;
			sourceTree = "<group>";
		};
		4177991C2127C2A100E14986 /* Model */ = {
			isa = PBXGroup;
			children = (
			);
			path = Model;
			sourceTree = "<group>";
		};
		4177991D2127C2A100E14986 /* View */ = {
			isa = PBXGroup;
			children = (
			);
			path = View;
			sourceTree = "<group>";
		};
		4177991E2127C2A100E14986 /* Main */ = {
			isa = PBXGroup;
			children = (
				4177991F2127C2A100E14986 /* Controller */,
				417799202127C2A100E14986 /* Model */,
				417799212127C2A100E14986 /* View */,
			);
			path = Main;
			sourceTree = "<group>";
		};
		4177991F2127C2A100E14986 /* Controller */ = {
			isa = PBXGroup;
			children = (
			);
			path = Controller;
			sourceTree = "<group>";
		};
		417799202127C2A100E14986 /* Model */ = {
			isa = PBXGroup;
			children = (
			);
			path = Model;
			sourceTree = "<group>";
		};
		417799212127C2A100E14986 /* View */ = {
			isa = PBXGroup;
			children = (
			);
			path = View;
			sourceTree = "<group>";
		};
		417799222127C2A100E14986 /* Mine */ = {
			isa = PBXGroup;
			children = (
				417799232127C2A100E14986 /* Controller */,
				417799242127C2A100E14986 /* Model */,
				417799252127C2A100E14986 /* View */,
			);
			path = Mine;
			sourceTree = "<group>";
		};
		417799232127C2A100E14986 /* Controller */ = {
			isa = PBXGroup;
			children = (
			);
			path = Controller;
			sourceTree = "<group>";
		};
		417799242127C2A100E14986 /* Model */ = {
			isa = PBXGroup;
			children = (
			);
			path = Model;
			sourceTree = "<group>";
		};
		417799252127C2A100E14986 /* View */ = {
			isa = PBXGroup;
			children = (
			);
			path = View;
			sourceTree = "<group>";
		};
		417799262127C2A100E14986 /* Others */ = {
			isa = PBXGroup;
			children = (
				417799272127C2A100E14986 /* AppDelegate.swift */,
				417799282127C2A100E14986 /* Info.plist */,
			);
			path = Others;
			sourceTree = "<group>";
		};
		417799292127C2A100E14986 /* Star */ = {
			isa = PBXGroup;
			children = (
				4177992A2127C2A100E14986 /* Controller */,
				4177992B2127C2A100E14986 /* Model */,
				4177992C2127C2A100E14986 /* View */,
			);
			path = Star;
			sourceTree = "<group>";
		};
		4177992A2127C2A100E14986 /* Controller */ = {
			isa = PBXGroup;
			children = (
			);
			path = Controller;
			sourceTree = "<group>";
		};
		4177992B2127C2A100E14986 /* Model */ = {
			isa = PBXGroup;
			children = (
			);
			path = Model;
			sourceTree = "<group>";
		};
		4177992C2127C2A100E14986 /* View */ = {
			isa = PBXGroup;
			children = (
			);
			path = View;
			sourceTree = "<group>";
		};
		649635F2F25BB7124A798CE6 /* Frameworks */ = {
			isa = PBXGroup;
			children = (
				212364D0F1352B374DD44A0D /* Pods_bitsync.framework */,
				9200CC781CB0A2A26CDEC5D9 /* Pods_bitsyncTests.framework */,
				F9AEDB9E53EE9BB887BE40C5 /* Pods_bitsyncUITests.framework */,
			);
			name = Frameworks;
			sourceTree = "<group>";
		};
		EA8164CCBD55FB6B58F66855 /* Pods */ = {
			isa = PBXGroup;
			children = (
				4B34F269E93B21E15087F8E5 /* Pods-bitsync.debug.xcconfig */,
				9E7FC2D63A9D6A8C5A71B798 /* Pods-bitsync.release.xcconfig */,
				8C5E0B2B628F4C23F5C93DFA /* Pods-bitsyncTests.debug.xcconfig */,
				F9A66FCD6345331171A631C4 /* Pods-bitsyncTests.release.xcconfig */,
				387BB14B1FAE5C530E166945 /* Pods-bitsyncUITests.debug.xcconfig */,
				A7F01014AAAF2529BCF75EB0 /* Pods-bitsyncUITests.release.xcconfig */,
			);
			name = Pods;
			sourceTree = "<group>";
		};
/* End PBXGroup section */

/* Begin PBXNativeTarget section */
		417798E42127BCE300E14986 /* bitsync */ = {
			isa = PBXNativeTarget;
			buildConfigurationList = 417799102127BCE400E14986 /* Build configuration list for PBXNativeTarget "bitsync" */;
			buildPhases = (
				3BEFF6A4C3C36D2AC6F36C6C /* [CP] Check Pods Manifest.lock */,
				417798E12127BCE300E14986 /* Sources */,
				417798E22127BCE300E14986 /* Frameworks */,
				417798E32127BCE300E14986 /* Resources */,
			);
			buildRules = (
			);
			dependencies = (
			);
			name = bitsync;
			productName = bitsync;
			productReference = 417798E52127BCE300E14986 /* bitsync.app */;
			productType = "com.apple.product-type.application";
		};
		417798FB2127BCE400E14986 /* bitsyncTests */ = {
			isa = PBXNativeTarget;
			buildConfigurationList = 417799132127BCE400E14986 /* Build configuration list for PBXNativeTarget "bitsyncTests" */;
			buildPhases = (
				0F892997F93ADB7C798EE08A /* [CP] Check Pods Manifest.lock */,
				417798F82127BCE400E14986 /* Sources */,
				417798F92127BCE400E14986 /* Frameworks */,
				417798FA2127BCE400E14986 /* Resources */,
			);
			buildRules = (
			);
			dependencies = (
				417798FE2127BCE400E14986 /* PBXTargetDependency */,
			);
			name = bitsyncTests;
			productName = bitsyncTests;
			productReference = 417798FC2127BCE400E14986 /* bitsyncTests.xctest */;
			productType = "com.apple.product-type.bundle.unit-test";
		};
		417799062127BCE400E14986 /* bitsyncUITests */ = {
			isa = PBXNativeTarget;
			buildConfigurationList = 417799162127BCE400E14986 /* Build configuration list for PBXNativeTarget "bitsyncUITests" */;
			buildPhases = (
				5EB70FB7DEB7730CF110CFA9 /* [CP] Check Pods Manifest.lock */,
				417799032127BCE400E14986 /* Sources */,
				417799042127BCE400E14986 /* Frameworks */,
				417799052127BCE400E14986 /* Resources */,
			);
			buildRules = (
			);
			dependencies = (
				417799092127BCE400E14986 /* PBXTargetDependency */,
			);
			name = bitsyncUITests;
			productName = bitsyncUITests;
			productReference = 417799072127BCE400E14986 /* bitsyncUITests.xctest */;
			productType = "com.apple.product-type.bundle.ui-testing";
		};
/* End PBXNativeTarget section */

/* Begin PBXProject section */
		417798DD2127BCE300E14986 /* Project object */ = {
			isa = PBXProject;
			attributes = {
				LastSwiftUpdateCheck = 0940;
				LastUpgradeCheck = 0940;
				ORGANIZATIONNAME = huangfuhui;
				TargetAttributes = {
					417798E42127BCE300E14986 = {
						CreatedOnToolsVersion = 9.4.1;
					};
					417798FB2127BCE400E14986 = {
						CreatedOnToolsVersion = 9.4.1;
						TestTargetID = 417798E42127BCE300E14986;
					};
					417799062127BCE400E14986 = {
						CreatedOnToolsVersion = 9.4.1;
						TestTargetID = 417798E42127BCE300E14986;
					};
				};
			};
			buildConfigurationList = 417798E02127BCE300E14986 /* Build configuration list for PBXProject "bitsync" */;
			compatibilityVersion = "Xcode 9.3";
			developmentRegion = en;
			hasScannedForEncodings = 0;
			knownRegions = (
				en,
				Base,
			);
			mainGroup = 417798DC2127BCE200E14986;
			productRefGroup = 417798E62127BCE300E14986 /* Products */;
			projectDirPath = "";
			projectRoot = "";
			targets = (
				417798E42127BCE300E14986 /* bitsync */,
				417798FB2127BCE400E14986 /* bitsyncTests */,
				417799062127BCE400E14986 /* bitsyncUITests */,
			);
		};
/* End PBXProject section */

/* Begin PBXResourcesBuildPhase section */
		417798E32127BCE300E14986 /* Resources */ = {
			isa = PBXResourcesBuildPhase;
			buildActionMask = 2147483647;
			files = (
				417798F62127BCE400E14986 /* LaunchScreen.storyboard in Resources */,
				417798F32127BCE400E14986 /* Assets.xcassets in Resources */,
				4177992E2127C2A100E14986 /* Info.plist in Resources */,
			);
			runOnlyForDeploymentPostprocessing = 0;
		};
		417798FA2127BCE400E14986 /* Resources */ = {
			isa = PBXResourcesBuildPhase;
			buildActionMask = 2147483647;
			files = (
			);
			runOnlyForDeploymentPostprocessing = 0;
		};
		417799052127BCE400E14986 /* Resources */ = {
			isa = PBXResourcesBuildPhase;
			buildActionMask = 2147483647;
			files = (
			);
			runOnlyForDeploymentPostprocessing = 0;
		};
/* End PBXResourcesBuildPhase section */

/* Begin PBXShellScriptBuildPhase section */
		0F892997F93ADB7C798EE08A /* [CP] Check Pods Manifest.lock */ = {
			isa = PBXShellScriptBuildPhase;
			buildActionMask = 2147483647;
			files = (
			);
			inputPaths = (
				"${PODS_PODFILE_DIR_PATH}/Podfile.lock",
				"${PODS_ROOT}/Manifest.lock",
			);
			name = "[CP] Check Pods Manifest.lock";
			outputPaths = (
				"$(DERIVED_FILE_DIR)/Pods-bitsyncTests-checkManifestLockResult.txt",
			);
			runOnlyForDeploymentPostprocessing = 0;
			shellPath = /bin/sh;
			shellScript = "diff \"${PODS_PODFILE_DIR_PATH}/Podfile.lock\" \"${PODS_ROOT}/Manifest.lock\" > /dev/null\nif [ $? != 0 ] ; then\n    # print error to STDERR\n    echo \"error: The sandbox is not in sync with the Podfile.lock. Run 'pod install' or update your CocoaPods installation.\" >&2\n    exit 1\nfi\n# This output is used by Xcode 'outputs' to avoid re-running this script phase.\necho \"SUCCESS\" > \"${SCRIPT_OUTPUT_FILE_0}\"\n";
			showEnvVarsInLog = 0;
		};
		3BEFF6A4C3C36D2AC6F36C6C /* [CP] Check Pods Manifest.lock */ = {
			isa = PBXShellScriptBuildPhase;
			buildActionMask = 2147483647;
			files = (
			);
			inputPaths = (
				"${PODS_PODFILE_DIR_PATH}/Podfile.lock",
				"${PODS_ROOT}/Manifest.lock",
			);
			name = "[CP] Check Pods Manifest.lock";
			outputPaths = (
				"$(DERIVED_FILE_DIR)/Pods-bitsync-checkManifestLockResult.txt",
			);
			runOnlyForDeploymentPostprocessing = 0;
			shellPath = /bin/sh;
			shellScript = "diff \"${PODS_PODFILE_DIR_PATH}/Podfile.lock\" \"${PODS_ROOT}/Manifest.lock\" > /dev/null\nif [ $? != 0 ] ; then\n    # print error to STDERR\n    echo \"error: The sandbox is not in sync with the Podfile.lock. Run 'pod install' or update your CocoaPods installation.\" >&2\n    exit 1\nfi\n# This output is used by Xcode 'outputs' to avoid re-running this script phase.\necho \"SUCCESS\" > \"${SCRIPT_OUTPUT_FILE_0}\"\n";
			showEnvVarsInLog = 0;
		};
		5EB70FB7DEB7730CF110CFA9 /* [CP] Check Pods Manifest.lock */ = {
			isa = PBXShellScriptBuildPhase;
			buildActionMask = 2147483647;
			files = (
			);
			inputPaths = (
				"${PODS_PODFILE_DIR_PATH}/Podfile.lock",
				"${PODS_ROOT}/Manifest.lock",
			);
			name = "[CP] Check Pods Manifest.lock";
			outputPaths = (
				"$(DERIVED_FILE_DIR)/Pods-bitsyncUITests-checkManifestLockResult.txt",
			);
			runOnlyForDeploymentPostprocessing = 0;
			shellPath = /bin/sh;
			shellScript = "diff \"${PODS_PODFILE_DIR_PATH}/Podfile.lock\" \"${PODS_ROOT}/Manifest.lock\" > /dev/null\nif [ $? != 0 ] ; then\n    # print error to STDERR\n    echo \"error: The sandbox is not in sync with the Podfile.lock. Run 'pod install' or update your CocoaPods installation.\" >&2\n    exit 1\nfi\n# This output is used by Xcode 'outputs' to avoid re-running this script phase.\necho \"SUCCESS\" > \"${SCRIPT_OUTPUT_FILE_0}\"\n";
			showEnvVarsInLog = 0;
		};
/* End PBXShellScriptBuildPhase section */

/* Begin PBXSourcesBuildPhase section */
		417798E12127BCE300E14986 /* Sources */ = {
			isa = PBXSourcesBuildPhase;
			buildActionMask = 2147483647;
			files = (
				4177992D2127C2A100E14986 /* AppDelegate.swift in Sources */,
				417798F12127BCE300E14986 /* bitsync.xcdatamodeld in Sources */,
			);
			runOnlyForDeploymentPostprocessing = 0;
		};
		417798F82127BCE400E14986 /* Sources */ = {
			isa = PBXSourcesBuildPhase;
			buildActionMask = 2147483647;
			files = (
				417799012127BCE400E14986 /* bitsyncTests.swift in Sources */,
			);
			runOnlyForDeploymentPostprocessing = 0;
		};
		417799032127BCE400E14986 /* Sources */ = {
			isa = PBXSourcesBuildPhase;
			buildActionMask = 2147483647;
			files = (
				4177990C2127BCE400E14986 /* bitsyncUITests.swift in Sources */,
			);
			runOnlyForDeploymentPostprocessing = 0;
		};
/* End PBXSourcesBuildPhase section */

/* Begin PBXTargetDependency section */
		417798FE2127BCE400E14986 /* PBXTargetDependency */ = {
			isa = PBXTargetDependency;
			target = 417798E42127BCE300E14986 /* bitsync */;
			targetProxy = 417798FD2127BCE400E14986 /* PBXContainerItemProxy */;
		};
		417799092127BCE400E14986 /* PBXTargetDependency */ = {
			isa = PBXTargetDependency;
			target = 417798E42127BCE300E14986 /* bitsync */;
			targetProxy = 417799082127BCE400E14986 /* PBXContainerItemProxy */;
		};
/* End PBXTargetDependency section */

/* Begin PBXVariantGroup section */
		417798F42127BCE400E14986 /* LaunchScreen.storyboard */ = {
			isa = PBXVariantGroup;
			children = (
				417798F52127BCE400E14986 /* Base */,
			);
			name = LaunchScreen.storyboard;
			sourceTree = "<group>";
		};
/* End PBXVariantGroup section */

/* Begin XCBuildConfiguration section */
		4177990E2127BCE400E14986 /* Debug */ = {
			isa = XCBuildConfiguration;
			buildSettings = {
				ALWAYS_SEARCH_USER_PATHS = NO;
				CLANG_ANALYZER_NONNULL = YES;
				CLANG_ANALYZER_NUMBER_OBJECT_CONVERSION = YES_AGGRESSIVE;
				CLANG_CXX_LANGUAGE_STANDARD = "gnu++14";
				CLANG_CXX_LIBRARY = "libc++";
				CLANG_ENABLE_MODULES = YES;
				CLANG_ENABLE_OBJC_ARC = YES;
				CLANG_ENABLE_OBJC_WEAK = YES;
				CLANG_WARN_BLOCK_CAPTURE_AUTORELEASING = YES;
				CLANG_WARN_BOOL_CONVERSION = YES;
				CLANG_WARN_COMMA = YES;
				CLANG_WARN_CONSTANT_CONVERSION = YES;
				CLANG_WARN_DEPRECATED_OBJC_IMPLEMENTATIONS = YES;
				CLANG_WARN_DIRECT_OBJC_ISA_USAGE = YES_ERROR;
				CLANG_WARN_DOCUMENTATION_COMMENTS = YES;
				CLANG_WARN_EMPTY_BODY = YES;
				CLANG_WARN_ENUM_CONVERSION = YES;
				CLANG_WARN_INFINITE_RECURSION = YES;
				CLANG_WARN_INT_CONVERSION = YES;
				CLANG_WARN_NON_LITERAL_NULL_CONVERSION = YES;
				CLANG_WARN_OBJC_IMPLICIT_RETAIN_SELF = YES;
				CLANG_WARN_OBJC_LITERAL_CONVERSION = YES;
				CLANG_WARN_OBJC_ROOT_CLASS = YES_ERROR;
				CLANG_WARN_RANGE_LOOP_ANALYSIS = YES;
				CLANG_WARN_STRICT_PROTOTYPES = YES;
				CLANG_WARN_SUSPICIOUS_MOVE = YES;
				CLANG_WARN_UNGUARDED_AVAILABILITY = YES_AGGRESSIVE;
				CLANG_WARN_UNREACHABLE_CODE = YES;
				CLANG_WARN__DUPLICATE_METHOD_MATCH = YES;
				CODE_SIGN_IDENTITY = "iPhone Developer";
				COPY_PHASE_STRIP = NO;
				DEBUG_INFORMATION_FORMAT = dwarf;
				ENABLE_STRICT_OBJC_MSGSEND = YES;
				ENABLE_TESTABILITY = YES;
				GCC_C_LANGUAGE_STANDARD = gnu11;
				GCC_DYNAMIC_NO_PIC = NO;
				GCC_NO_COMMON_BLOCKS = YES;
				GCC_OPTIMIZATION_LEVEL = 0;
				GCC_PREPROCESSOR_DEFINITIONS = (
					"DEBUG=1",
					"$(inherited)",
				);
				GCC_WARN_64_TO_32_BIT_CONVERSION = YES;
				GCC_WARN_ABOUT_RETURN_TYPE = YES_ERROR;
				GCC_WARN_UNDECLARED_SELECTOR = YES;
				GCC_WARN_UNINITIALIZED_AUTOS = YES_AGGRESSIVE;
				GCC_WARN_UNUSED_FUNCTION = YES;
				GCC_WARN_UNUSED_VARIABLE = YES;
				IPHONEOS_DEPLOYMENT_TARGET = 11.4;
				MTL_ENABLE_DEBUG_INFO = YES;
				ONLY_ACTIVE_ARCH = YES;
				SDKROOT = iphoneos;
				SWIFT_ACTIVE_COMPILATION_CONDITIONS = DEBUG;
				SWIFT_OPTIMIZATION_LEVEL = "-Onone";
			};
			name = Debug;
		};
		4177990F2127BCE400E14986 /* Release */ = {
			isa = XCBuildConfiguration;
			buildSettings = {
				ALWAYS_SEARCH_USER_PATHS = NO;
				CLANG_ANALYZER_NONNULL = YES;
				CLANG_ANALYZER_NUMBER_OBJECT_CONVERSION = YES_AGGRESSIVE;
				CLANG_CXX_LANGUAGE_STANDARD = "gnu++14";
				CLANG_CXX_LIBRARY = "libc++";
				CLANG_ENABLE_MODULES = YES;
				CLANG_ENABLE_OBJC_ARC = YES;
				CLANG_ENABLE_OBJC_WEAK = YES;
				CLANG_WARN_BLOCK_CAPTURE_AUTORELEASING = YES;
				CLANG_WARN_BOOL_CONVERSION = YES;
				CLANG_WARN_COMMA = YES;
				CLANG_WARN_CONSTANT_CONVERSION = YES;
				CLANG_WARN_DEPRECATED_OBJC_IMPLEMENTATIONS = YES;
				CLANG_WARN_DIRECT_OBJC_ISA_USAGE = YES_ERROR;
				CLANG_WARN_DOCUMENTATION_COMMENTS = YES;
				CLANG_WARN_EMPTY_BODY = YES;
				CLANG_WARN_ENUM_CONVERSION = YES;
				CLANG_WARN_INFINITE_RECURSION = YES;
				CLANG_WARN_INT_CONVERSION = YES;
				CLANG_WARN_NON_LITERAL_NULL_CONVERSION = YES;
				CLANG_WARN_OBJC_IMPLICIT_RETAIN_SELF = YES;
				CLANG_WARN_OBJC_LITERAL_CONVERSION = YES;
				CLANG_WARN_OBJC_ROOT_CLASS = YES_ERROR;
				CLANG_WARN_RANGE_LOOP_ANALYSIS = YES;
				CLANG_WARN_STRICT_PROTOTYPES = YES;
				CLANG_WARN_SUSPICIOUS_MOVE = YES;
				CLANG_WARN_UNGUARDED_AVAILABILITY = YES_AGGRESSIVE;
				CLANG_WARN_UNREACHABLE_CODE = YES;
				CLANG_WARN__DUPLICATE_METHOD_MATCH = YES;
				CODE_SIGN_IDENTITY = "iPhone Developer";
				COPY_PHASE_STRIP = NO;
				DEBUG_INFORMATION_FORMAT = "dwarf-with-dsym";
				ENABLE_NS_ASSERTIONS = NO;
				ENABLE_STRICT_OBJC_MSGSEND = YES;
				GCC_C_LANGUAGE_STANDARD = gnu11;
				GCC_NO_COMMON_BLOCKS = YES;
				GCC_WARN_64_TO_32_BIT_CONVERSION = YES;
				GCC_WARN_ABOUT_RETURN_TYPE = YES_ERROR;
				GCC_WARN_UNDECLARED_SELECTOR = YES;
				GCC_WARN_UNINITIALIZED_AUTOS = YES_AGGRESSIVE;
				GCC_WARN_UNUSED_FUNCTION = YES;
				GCC_WARN_UNUSED_VARIABLE = YES;
				IPHONEOS_DEPLOYMENT_TARGET = 11.4;
				MTL_ENABLE_DEBUG_INFO = NO;
				SDKROOT = iphoneos;
				SWIFT_COMPILATION_MODE = wholemodule;
				SWIFT_OPTIMIZATION_LEVEL = "-O";
				VALIDATE_PRODUCT = YES;
			};
			name = Release;
		};
		417799112127BCE400E14986 /* Debug */ = {
			isa = XCBuildConfiguration;
			baseConfigurationReference = 4B34F269E93B21E15087F8E5 /* Pods-bitsync.debug.xcconfig */;
			buildSettings = {
				ASSETCATALOG_COMPILER_APPICON_NAME = AppIcon;
				CODE_SIGN_STYLE = Automatic;
				DEVELOPMENT_TEAM = FMCT9D23YN;
				INFOPLIST_FILE = bitsync/Info.plist;
				LD_RUNPATH_SEARCH_PATHS = (
					"$(inherited)",
					"@executable_path/Frameworks",
				);
				PRODUCT_BUNDLE_IDENTIFIER = tech.bitsync.bitsync;
				PRODUCT_NAME = "$(TARGET_NAME)";
				SWIFT_VERSION = 4.0;
				TARGETED_DEVICE_FAMILY = "1,2";
			};
			name = Debug;
		};
		417799122127BCE400E14986 /* Release */ = {
			isa = XCBuildConfiguration;
			baseConfigurationReference = 9E7FC2D63A9D6A8C5A71B798 /* Pods-bitsync.release.xcconfig */;
			buildSettings = {
				ASSETCATALOG_COMPILER_APPICON_NAME = AppIcon;
				CODE_SIGN_STYLE = Automatic;
				DEVELOPMENT_TEAM = FMCT9D23YN;
				INFOPLIST_FILE = bitsync/Info.plist;
				LD_RUNPATH_SEARCH_PATHS = (
					"$(inherited)",
					"@executable_path/Frameworks",
				);
				PRODUCT_BUNDLE_IDENTIFIER = tech.bitsync.bitsync;
				PRODUCT_NAME = "$(TARGET_NAME)";
				SWIFT_VERSION = 4.0;
				TARGETED_DEVICE_FAMILY = "1,2";
			};
			name = Release;
		};
		417799142127BCE400E14986 /* Debug */ = {
			isa = XCBuildConfiguration;
			baseConfigurationReference = 8C5E0B2B628F4C23F5C93DFA /* Pods-bitsyncTests.debug.xcconfig */;
			buildSettings = {
				ALWAYS_EMBED_SWIFT_STANDARD_LIBRARIES = YES;
				BUNDLE_LOADER = "$(TEST_HOST)";
				CODE_SIGN_STYLE = Automatic;
				DEVELOPMENT_TEAM = FMCT9D23YN;
				INFOPLIST_FILE = bitsyncTests/Info.plist;
				LD_RUNPATH_SEARCH_PATHS = (
					"$(inherited)",
					"@executable_path/Frameworks",
					"@loader_path/Frameworks",
				);
				PRODUCT_BUNDLE_IDENTIFIER = tech.bitsync.bitsyncTests;
				PRODUCT_NAME = "$(TARGET_NAME)";
				SWIFT_VERSION = 4.0;
				TARGETED_DEVICE_FAMILY = "1,2";
				TEST_HOST = "$(BUILT_PRODUCTS_DIR)/bitsync.app/bitsync";
			};
			name = Debug;
		};
		417799152127BCE400E14986 /* Release */ = {
			isa = XCBuildConfiguration;
			baseConfigurationReference = F9A66FCD6345331171A631C4 /* Pods-bitsyncTests.release.xcconfig */;
			buildSettings = {
				ALWAYS_EMBED_SWIFT_STANDARD_LIBRARIES = YES;
				BUNDLE_LOADER = "$(TEST_HOST)";
				CODE_SIGN_STYLE = Automatic;
				DEVELOPMENT_TEAM = FMCT9D23YN;
				INFOPLIST_FILE = bitsyncTests/Info.plist;
				LD_RUNPATH_SEARCH_PATHS = (
					"$(inherited)",
					"@executable_path/Frameworks",
					"@loader_path/Frameworks",
				);
				PRODUCT_BUNDLE_IDENTIFIER = tech.bitsync.bitsyncTests;
				PRODUCT_NAME = "$(TARGET_NAME)";
				SWIFT_VERSION = 4.0;
				TARGETED_DEVICE_FAMILY = "1,2";
				TEST_HOST = "$(BUILT_PRODUCTS_DIR)/bitsync.app/bitsync";
			};
			name = Release;
		};
		417799172127BCE400E14986 /* Debug */ = {
			isa = XCBuildConfiguration;
			baseConfigurationReference = 387BB14B1FAE5C530E166945 /* Pods-bitsyncUITests.debug.xcconfig */;
			buildSettings = {
				ALWAYS_EMBED_SWIFT_STANDARD_LIBRARIES = YES;
				CODE_SIGN_STYLE = Automatic;
				DEVELOPMENT_TEAM = FMCT9D23YN;
				INFOPLIST_FILE = bitsyncUITests/Info.plist;
				LD_RUNPATH_SEARCH_PATHS = (
					"$(inherited)",
					"@executable_path/Frameworks",
					"@loader_path/Frameworks",
				);
				PRODUCT_BUNDLE_IDENTIFIER = tech.bitsync.bitsyncUITests;
				PRODUCT_NAME = "$(TARGET_NAME)";
				SWIFT_VERSION = 4.0;
				TARGETED_DEVICE_FAMILY = "1,2";
				TEST_TARGET_NAME = bitsync;
			};
			name = Debug;
		};
		417799182127BCE400E14986 /* Release */ = {
			isa = XCBuildConfiguration;
			baseConfigurationReference = A7F01014AAAF2529BCF75EB0 /* Pods-bitsyncUITests.release.xcconfig */;
			buildSettings = {
				ALWAYS_EMBED_SWIFT_STANDARD_LIBRARIES = YES;
				CODE_SIGN_STYLE = Automatic;
				DEVELOPMENT_TEAM = FMCT9D23YN;
				INFOPLIST_FILE = bitsyncUITests/Info.plist;
				LD_RUNPATH_SEARCH_PATHS = (
					"$(inherited)",
					"@executable_path/Frameworks",
					"@loader_path/Frameworks",
				);
				PRODUCT_BUNDLE_IDENTIFIER = tech.bitsync.bitsyncUITests;
				PRODUCT_NAME = "$(TARGET_NAME)";
				SWIFT_VERSION = 4.0;
				TARGETED_DEVICE_FAMILY = "1,2";
				TEST_TARGET_NAME = bitsync;
			};
			name = Release;
		};
/* End XCBuildConfiguration section */

/* Begin XCConfigurationList section */
		417798E02127BCE300E14986 /* Build configuration list for PBXProject "bitsync" */ = {
			isa = XCConfigurationList;
			buildConfigurations = (
				4177990E2127BCE400E14986 /* Debug */,
				4177990F2127BCE400E14986 /* Release */,
			);
			defaultConfigurationIsVisible = 0;
			defaultConfigurationName = Release;
		};
		417799102127BCE400E14986 /* Build configuration list for PBXNativeTarget "bitsync" */ = {
			isa = XCConfigurationList;
			buildConfigurations = (
				417799112127BCE400E14986 /* Debug */,
				417799122127BCE400E14986 /* Release */,
			);
			defaultConfigurationIsVisible = 0;
			defaultConfigurationName = Release;
		};
		417799132127BCE400E14986 /* Build configuration list for PBXNativeTarget "bitsyncTests" */ = {
			isa = XCConfigurationList;
			buildConfigurations = (
				417799142127BCE400E14986 /* Debug */,
				417799152127BCE400E14986 /* Release */,
			);
			defaultConfigurationIsVisible = 0;
			defaultConfigurationName = Release;
		};
		417799162127BCE400E14986 /* Build configuration list for PBXNativeTarget "bitsyncUITests" */ = {
			isa = XCConfigurationList;
			buildConfigurations = (
				417799172127BCE400E14986 /* Debug */,
				417799182127BCE400E14986 /* Release */,
			);
			defaultConfigurationIsVisible = 0;
			defaultConfigurationName = Release;
		};
/* End XCConfigurationList section */

/* Begin XCVersionGroup section */
		417798EF2127BCE300E14986 /* bitsync.xcdatamodeld */ = {
			isa = XCVersionGroup;
			children = (
				417798F02127BCE300E14986 /* bitsync.xcdatamodel */,
			);
			currentVersion = 417798F02127BCE300E14986 /* bitsync.xcdatamodel */;
			path = bitsync.xcdatamodeld;
			sourceTree = "<group>";
			versionGroupType = wrapper.xcdatamodel;
		};
/* End XCVersionGroup section */
	};
	rootObject = 417798DD2127BCE300E14986 /* Project object */;
}
